
Microsoft Visual Studio Solution File, Format Version 12.00
# Visual Studio Version 16
VisualStudioVersion = 16.0.29519.87
MinimumVisualStudioVersion = 10.0.40219.1
Project("{9A19103F-16F7-4668-BE54-9A1E7A4F7556}") = "GraphQlMaster.Api", "GraphQlMaster.Api.csproj", "{21E6C32F-E7C0-45E9-A88D-E464B8AF9CF5}"
EndProject
Project("{9A19103F-16F7-4668-BE54-9A1E7A4F7556}") = "GraphQlMaster.Core", "..\GraphQlMaster.Core\GraphQlMaster.Core.csproj", "{1EFD95D1-F343-4862-93F8-318286BF6FEC}"
EndProject
Project("{9A19103F-16F7-4668-BE54-9A1E7A4F7556}") = "GraphQlMaster.ServiceFoundation", "..\GraphQlMaster.ServiceFoundation\GraphQlMaster.ServiceFoundation.csproj", "{CB2BDE2E-67EB-459E-8436-270C4EE8F56F}"
EndProject
Project("{9A19103F-16F7-4668-BE54-9A1E7A4F7556}") = "GraphQlMaster.Business", "..\GraphQlMaster.Business\GraphQlMaster.Business.csproj", "{3A8B44EE-1F98-4C67-AB9F-1471B6A51545}"
EndProject
Project("{9A19103F-16F7-4668-BE54-9A1E7A4F7556}") = "GraphQlMaster.Shared", "..\GraphQlMaster.Shared\GraphQlMaster.Shared.csproj", "{C6714161-F172-40F0-8B86-D9CA680CFDDD}"
EndProject
Project("{FAE04EC0-301F-11D3-BF4B-00C04F79EFBC}") = "GraphQlMaster.Test", "..\GraphQlMaster.Test\GraphQlMaster.Test.csproj", "{A0D36DF2-BD1A-4ED2-A81D-776E1986872A}"
EndProject
Global
	GlobalSection(SolutionConfigurationPlatforms) = preSolution
		Debug|Any CPU = Debug|Any CPU
		Release|Any CPU = Release|Any CPU
	EndGlobalSection
	GlobalSection(ProjectConfigurationPlatforms) = postSolution
		{21E6C32F-E7C0-45E9-A88D-E464B8AF9CF5}.Debug|Any CPU.ActiveCfg = Debug|Any CPU
		{21E6C32F-E7C0-45E9-A88D-E464B8AF9CF5}.Debug|Any CPU.Build.0 = Debug|Any CPU
		{21E6C32F-E7C0-45E9-A88D-E464B8AF9CF5}.Release|Any CPU.ActiveCfg = Release|Any CPU
		{21E6C32F-E7C0-45E9-A88D-E464B8AF9CF5}.Release|Any CPU.Build.0 = Release|Any CPU
		{1EFD95D1-F343-4862-93F8-318286BF6FEC}.Debug|Any CPU.ActiveCfg = Debug|Any CPU
		{1EFD95D1-F343-4862-93F8-318286BF6FEC}.Debug|Any CPU.Build.0 = Debug|Any CPU
		{1EFD95D1-F343-4862-93F8-318286BF6FEC}.Release|Any CPU.ActiveCfg = Release|Any CPU
		{1EFD95D1-F343-4862-93F8-318286BF6FEC}.Release|Any CPU.Build.0 = Release|Any CPU
		{CB2BDE2E-67EB-459E-8436-270C4EE8F56F}.Debug|Any CPU.ActiveCfg = Debug|Any CPU
		{CB2BDE2E-67EB-459E-8436-270C4EE8F56F}.Debug|Any CPU.Build.0 = Debug|Any CPU
		{CB2BDE2E-67EB-459E-8436-270C4EE8F56F}.Release|Any CPU.ActiveCfg = Release|Any CPU
		{CB2BDE2E-67EB-459E-8436-270C4EE8F56F}.Release|Any CPU.Build.0 = Release|Any CPU
		{3A8B44EE-1F98-4C67-AB9F-1471B6A51545}.Debug|Any CPU.ActiveCfg = Debug|Any CPU
		{3A8B44EE-1F98-4C67-AB9F-1471B6A51545}.Debug|Any CPU.Build.0 = Debug|Any CPU
		{3A8B44EE-1F98-4C67-AB9F-1471B6A51545}.Release|Any CPU.ActiveCfg = Release|Any CPU
		{3A8B44EE-1F98-4C67-AB9F-1471B6A51545}.Release|Any CPU.Build.0 = Release|Any CPU
		{C6714161-F172-40F0-8B86-D9CA680CFDDD}.Debug|Any CPU.ActiveCfg = Debug|Any CPU
		{C6714161-F172-40F0-8B86-D9CA680CFDDD}.Debug|Any CPU.Build.0 = Debug|Any CPU
		{C6714161-F172-40F0-8B86-D9CA680CFDDD}.Release|Any CPU.ActiveCfg = Release|Any CPU
		{C6714161-F172-40F0-8B86-D9CA680CFDDD}.Release|Any CPU.Build.0 = Release|Any CPU
		{A0D36DF2-BD1A-4ED2-A81D-776E1986872A}.Debug|Any CPU.ActiveCfg = Debug|Any CPU
		{A0D36DF2-BD1A-4ED2-A81D-776E1986872A}.Debug|Any CPU.Build.0 = Debug|Any CPU
		{A0D36DF2-BD1A-4ED2-A81D-776E1986872A}.Release|Any CPU.ActiveCfg = Release|Any CPU
		{A0D36DF2-BD1A-4ED2-A81D-776E1986872A}.Release|Any CPU.Build.0 = Release|Any CPU
	EndGlobalSection
	GlobalSection(SolutionProperties) = preSolution
		HideSolutionNode = FALSE
	EndGlobalSection
	GlobalSection(ExtensibilityGlobals) = postSolution
		SolutionGuid = {81B45CEB-23D0-408C-88FC-49CE938C2945}
	EndGlobalSection
EndGlobal
